
Microsoft Visual Studio Solution File, Format Version 12.00
# Visual Studio 14
VisualStudioVersion = 14.0.25420.1
MinimumVisualStudioVersion = 10.0.40219.1
Project("{FAE04EC0-301F-11D3-BF4B-00C04F79EFBC}") = "OldSchool.Service", "OldSchool.Service\OldSchool.Service.csproj", "{49BF25CE-F61E-46A1-812B-FFF09CB4D7E6}"
EndProject
Project("{FAE04EC0-301F-11D3-BF4B-00C04F79EFBC}") = "OldSchool.Ifx", "OldSchool.Ifx\OldSchool.Ifx.csproj", "{36134678-FAB0-46AA-81AE-9EF488A614B1}"
EndProject
Project("{FAE04EC0-301F-11D3-BF4B-00C04F79EFBC}") = "OldSchool.Common", "OldSchool.Common\OldSchool.Common.csproj", "{8DBF7C2C-6C7F-48DE-8719-B9129406907C}"
EndProject
Project("{FAE04EC0-301F-11D3-BF4B-00C04F79EFBC}") = "OldSchool.Tests", "..\Tests\OldSchool.Tests\OldSchool.Tests.csproj", "{2509DB69-0BBF-45A0-A5E0-625ACE9301F7}"
EndProject
Project("{FAE04EC0-301F-11D3-BF4B-00C04F79EFBC}") = "OldSchool.Extensibility", "OldSchool.Extensibility\OldSchool.Extensibility.csproj", "{F70498B0-E384-4772-8400-9E1A3811A84F}"
EndProject
Project("{FAE04EC0-301F-11D3-BF4B-00C04F79EFBC}") = "OldSchool.Data", "OldSchool.Data\OldSchool.Data.csproj", "{36E56F82-8003-4232-8833-4F37DF8B3201}"
EndProject
Project("{FAE04EC0-301F-11D3-BF4B-00C04F79EFBC}") = "OldSchool.Models", "OldSchool.Models\OldSchool.Models.csproj", "{3AE0405E-CEF8-4A3B-82C2-A417ADDD3C05}"
EndProject
Project("{FAE04EC0-301F-11D3-BF4B-00C04F79EFBC}") = "OldSchool.Engines", "OldSchool.Engines\OldSchool.Engines.csproj", "{F324A4CC-031D-4C48-A4D7-4CF1046C368E}"
EndProject
Project("{2150E333-8FDC-42A3-9474-1A3956D46DE8}") = "Service", "Service", "{C8F5D006-A815-493F-89BE-01DEA08ECCE6}"
EndProject
Project("{2150E333-8FDC-42A3-9474-1A3956D46DE8}") = "Logic", "Logic", "{C836EA09-7E74-4270-A97D-A25B87BEF0FC}"
EndProject
Project("{2150E333-8FDC-42A3-9474-1A3956D46DE8}") = "Tests", "Tests", "{5DF7FD0A-D231-42A4-A4B0-4ACC4DD26272}"
EndProject
Project("{FAE04EC0-301F-11D3-BF4B-00C04F79EFBC}") = "OldSchool.Modules.Teleconference", "OldSchool.Modules.Teleconference\OldSchool.Modules.Teleconference.csproj", "{87EEAC45-750F-4018-93DF-B5B36D1C1D07}"
EndProject
Global
	GlobalSection(SolutionConfigurationPlatforms) = preSolution
		Debug|Any CPU = Debug|Any CPU
		Release|Any CPU = Release|Any CPU
	EndGlobalSection
	GlobalSection(ProjectConfigurationPlatforms) = postSolution
		{49BF25CE-F61E-46A1-812B-FFF09CB4D7E6}.Debug|Any CPU.ActiveCfg = Debug|Any CPU
		{49BF25CE-F61E-46A1-812B-FFF09CB4D7E6}.Debug|Any CPU.Build.0 = Debug|Any CPU
		{49BF25CE-F61E-46A1-812B-FFF09CB4D7E6}.Release|Any CPU.ActiveCfg = Release|Any CPU
		{49BF25CE-F61E-46A1-812B-FFF09CB4D7E6}.Release|Any CPU.Build.0 = Release|Any CPU
		{36134678-FAB0-46AA-81AE-9EF488A614B1}.Debug|Any CPU.ActiveCfg = Debug|Any CPU
		{36134678-FAB0-46AA-81AE-9EF488A614B1}.Debug|Any CPU.Build.0 = Debug|Any CPU
		{36134678-FAB0-46AA-81AE-9EF488A614B1}.Release|Any CPU.ActiveCfg = Release|Any CPU
		{36134678-FAB0-46AA-81AE-9EF488A614B1}.Release|Any CPU.Build.0 = Release|Any CPU
		{8DBF7C2C-6C7F-48DE-8719-B9129406907C}.Debug|Any CPU.ActiveCfg = Debug|Any CPU
		{8DBF7C2C-6C7F-48DE-8719-B9129406907C}.Debug|Any CPU.Build.0 = Debug|Any CPU
		{8DBF7C2C-6C7F-48DE-8719-B9129406907C}.Release|Any CPU.ActiveCfg = Release|Any CPU
		{8DBF7C2C-6C7F-48DE-8719-B9129406907C}.Release|Any CPU.Build.0 = Release|Any CPU
		{2509DB69-0BBF-45A0-A5E0-625ACE9301F7}.Debug|Any CPU.ActiveCfg = Debug|Any CPU
		{2509DB69-0BBF-45A0-A5E0-625ACE9301F7}.Debug|Any CPU.Build.0 = Debug|Any CPU
		{2509DB69-0BBF-45A0-A5E0-625ACE9301F7}.Release|Any CPU.ActiveCfg = Release|Any CPU
		{2509DB69-0BBF-45A0-A5E0-625ACE9301F7}.Release|Any CPU.Build.0 = Release|Any CPU
		{F70498B0-E384-4772-8400-9E1A3811A84F}.Debug|Any CPU.ActiveCfg = Debug|Any CPU
		{F70498B0-E384-4772-8400-9E1A3811A84F}.Debug|Any CPU.Build.0 = Debug|Any CPU
		{F70498B0-E384-4772-8400-9E1A3811A84F}.Release|Any CPU.ActiveCfg = Release|Any CPU
		{F70498B0-E384-4772-8400-9E1A3811A84F}.Release|Any CPU.Build.0 = Release|Any CPU
		{36E56F82-8003-4232-8833-4F37DF8B3201}.Debug|Any CPU.ActiveCfg = Debug|Any CPU
		{36E56F82-8003-4232-8833-4F37DF8B3201}.Debug|Any CPU.Build.0 = Debug|Any CPU
		{36E56F82-8003-4232-8833-4F37DF8B3201}.Release|Any CPU.ActiveCfg = Release|Any CPU
		{36E56F82-8003-4232-8833-4F37DF8B3201}.Release|Any CPU.Build.0 = Release|Any CPU
		{3AE0405E-CEF8-4A3B-82C2-A417ADDD3C05}.Debug|Any CPU.ActiveCfg = Debug|Any CPU
		{3AE0405E-CEF8-4A3B-82C2-A417ADDD3C05}.Debug|Any CPU.Build.0 = Debug|Any CPU
		{3AE0405E-CEF8-4A3B-82C2-A417ADDD3C05}.Release|Any CPU.ActiveCfg = Release|Any CPU
		{3AE0405E-CEF8-4A3B-82C2-A417ADDD3C05}.Release|Any CPU.Build.0 = Release|Any CPU
		{F324A4CC-031D-4C48-A4D7-4CF1046C368E}.Debug|Any CPU.ActiveCfg = Debug|Any CPU
		{F324A4CC-031D-4C48-A4D7-4CF1046C368E}.Debug|Any CPU.Build.0 = Debug|Any CPU
		{F324A4CC-031D-4C48-A4D7-4CF1046C368E}.Release|Any CPU.ActiveCfg = Release|Any CPU
		{F324A4CC-031D-4C48-A4D7-4CF1046C368E}.Release|Any CPU.Build.0 = Release|Any CPU
		{87EEAC45-750F-4018-93DF-B5B36D1C1D07}.Debug|Any CPU.ActiveCfg = Debug|Any CPU
		{87EEAC45-750F-4018-93DF-B5B36D1C1D07}.Debug|Any CPU.Build.0 = Debug|Any CPU
		{87EEAC45-750F-4018-93DF-B5B36D1C1D07}.Release|Any CPU.ActiveCfg = Release|Any CPU
		{87EEAC45-750F-4018-93DF-B5B36D1C1D07}.Release|Any CPU.Build.0 = Release|Any CPU
	EndGlobalSection
	GlobalSection(SolutionProperties) = preSolution
		HideSolutionNode = FALSE
	EndGlobalSection
	GlobalSection(NestedProjects) = preSolution
		{49BF25CE-F61E-46A1-812B-FFF09CB4D7E6} = {C8F5D006-A815-493F-89BE-01DEA08ECCE6}
		{36134678-FAB0-46AA-81AE-9EF488A614B1} = {C836EA09-7E74-4270-A97D-A25B87BEF0FC}
		{8DBF7C2C-6C7F-48DE-8719-B9129406907C} = {C836EA09-7E74-4270-A97D-A25B87BEF0FC}
		{2509DB69-0BBF-45A0-A5E0-625ACE9301F7} = {5DF7FD0A-D231-42A4-A4B0-4ACC4DD26272}
		{F70498B0-E384-4772-8400-9E1A3811A84F} = {C836EA09-7E74-4270-A97D-A25B87BEF0FC}
		{36E56F82-8003-4232-8833-4F37DF8B3201} = {C836EA09-7E74-4270-A97D-A25B87BEF0FC}
		{3AE0405E-CEF8-4A3B-82C2-A417ADDD3C05} = {C836EA09-7E74-4270-A97D-A25B87BEF0FC}
		{F324A4CC-031D-4C48-A4D7-4CF1046C368E} = {C836EA09-7E74-4270-A97D-A25B87BEF0FC}
		{87EEAC45-750F-4018-93DF-B5B36D1C1D07} = {C836EA09-7E74-4270-A97D-A25B87BEF0FC}
	EndGlobalSection
EndGlobal
